
Microsoft Visual Studio Solution File, Format Version 12.00
# Visual Studio Version 17
VisualStudioVersion = 17.11.35219.272
MinimumVisualStudioVersion = 10.0.40219.1
Project("{FAE04EC0-301F-11D3-BF4B-00C04F79EFBC}") = "DGM_Organical", "DGM_Organical\DGM_Organical.csproj", "{BC9AD52A-DB66-41AA-80A5-9BA34CC4225F}"
EndProject
Global
	GlobalSection(SolutionConfigurationPlatforms) = preSolution
		Debug|Any CPU = Debug|Any CPU
		Release|Any CPU = Release|Any CPU
	EndGlobalSection
	GlobalSection(ProjectConfigurationPlatforms) = postSolution
		{BC9AD52A-DB66-41AA-80A5-9BA34CC4225F}.Debug|Any CPU.ActiveCfg = Debug|Any CPU
		{BC9AD52A-DB66-41AA-80A5-9BA34CC4225F}.Debug|Any CPU.Build.0 = Debug|Any CPU
		{BC9AD52A-DB66-41AA-80A5-9BA34CC4225F}.Release|Any CPU.ActiveCfg = Release|Any CPU
		{BC9AD52A-DB66-41AA-80A5-9BA34CC4225F}.Release|Any CPU.Build.0 = Release|Any CPU
	EndGlobalSection
	GlobalSection(SolutionProperties) = preSolution
		HideSolutionNode = FALSE
	EndGlobalSection
	GlobalSection(ExtensibilityGlobals) = postSolution
		SolutionGuid = {AF04F1AE-E0F0-448B-99EB-7380C37E2B64}
	EndGlobalSection
EndGlobal
